
Microsoft Visual Studio Solution File, Format Version 12.00
# Visual Studio 14
VisualStudioVersion = 14.0.23107.0
MinimumVisualStudioVersion = 10.0.40219.1
Project("{FAE04EC0-301F-11D3-BF4B-00C04F79EFBC}") = "Proto81Sp1", "Proto81Sp1\Proto81Sp1.csproj", "{BD9FF44D-716D-4207-AA6F-D421A9EADB83}"
EndProject
Project("{CAA73BB0-EF22-4D79-A57E-DF67B3BA9C80}") = "TDS.Master", "TDS.Master\TDS.Master.scproj", "{FC789BAB-F3A8-4E5B-8217-DD5A34BE55EE}"
EndProject
Global
	GlobalSection(SolutionConfigurationPlatforms) = preSolution
		Debug|Any CPU = Debug|Any CPU
		Release|Any CPU = Release|Any CPU
	EndGlobalSection
	GlobalSection(ProjectConfigurationPlatforms) = postSolution
		{BD9FF44D-716D-4207-AA6F-D421A9EADB83}.Debug|Any CPU.ActiveCfg = Debug|Any CPU
		{BD9FF44D-716D-4207-AA6F-D421A9EADB83}.Debug|Any CPU.Build.0 = Debug|Any CPU
		{BD9FF44D-716D-4207-AA6F-D421A9EADB83}.Release|Any CPU.ActiveCfg = Release|Any CPU
		{BD9FF44D-716D-4207-AA6F-D421A9EADB83}.Release|Any CPU.Build.0 = Release|Any CPU
		{FC789BAB-F3A8-4E5B-8217-DD5A34BE55EE}.Debug|Any CPU.ActiveCfg = Debug|Any CPU
		{FC789BAB-F3A8-4E5B-8217-DD5A34BE55EE}.Debug|Any CPU.Build.0 = Debug|Any CPU
		{FC789BAB-F3A8-4E5B-8217-DD5A34BE55EE}.Debug|Any CPU.Deploy.0 = Debug|Any CPU
		{FC789BAB-F3A8-4E5B-8217-DD5A34BE55EE}.Release|Any CPU.ActiveCfg = Release|Any CPU
		{FC789BAB-F3A8-4E5B-8217-DD5A34BE55EE}.Release|Any CPU.Build.0 = Release|Any CPU
		{FC789BAB-F3A8-4E5B-8217-DD5A34BE55EE}.Release|Any CPU.Deploy.0 = Release|Any CPU
	EndGlobalSection
	GlobalSection(SolutionProperties) = preSolution
		HideSolutionNode = FALSE
	EndGlobalSection
EndGlobal
